
Microsoft Visual Studio Solution File, Format Version 12.00
# Visual Studio Version 16
VisualStudioVersion = 16.0.31321.278
MinimumVisualStudioVersion = 10.0.40219.1
Project("{FAE04EC0-301F-11D3-BF4B-00C04F79EFBC}") = "ReadPNG2BitmapTest", "ReadPNG2BitmapTest\ReadPNG2BitmapTest.csproj", "{FAF5FE29-BCC8-4A18-8FA2-C1F0DFE75282}"
EndProject
Global
	GlobalSection(SolutionConfigurationPlatforms) = preSolution
		Debug|Any CPU = Debug|Any CPU
		Release|Any CPU = Release|Any CPU
	EndGlobalSection
	GlobalSection(ProjectConfigurationPlatforms) = postSolution
		{FAF5FE29-BCC8-4A18-8FA2-C1F0DFE75282}.Debug|Any CPU.ActiveCfg = Debug|Any CPU
		{FAF5FE29-BCC8-4A18-8FA2-C1F0DFE75282}.Debug|Any CPU.Build.0 = Debug|Any CPU
		{FAF5FE29-BCC8-4A18-8FA2-C1F0DFE75282}.Release|Any CPU.ActiveCfg = Release|Any CPU
		{FAF5FE29-BCC8-4A18-8FA2-C1F0DFE75282}.Release|Any CPU.Build.0 = Release|Any CPU
	EndGlobalSection
	GlobalSection(SolutionProperties) = preSolution
		HideSolutionNode = FALSE
	EndGlobalSection
	GlobalSection(ExtensibilityGlobals) = postSolution
		SolutionGuid = {A173C14E-B311-4F5B-A5AA-0201E0B7C2B2}
	EndGlobalSection
EndGlobal
